
Microsoft Visual Studio Solution File, Format Version 12.00
# Visual Studio Version 16
VisualStudioVersion = 16.0.30001.183
MinimumVisualStudioVersion = 10.0.40219.1
Project("{9A19103F-16F7-4668-BE54-9A1E7A4F7556}") = "singarule", "singarule\singarule.csproj", "{56BD4EF9-36F3-45C6-BB59-95D59CEB9B9B}"
EndProject
Project("{9A19103F-16F7-4668-BE54-9A1E7A4F7556}") = "sungarule_ui", "sungarule_ui\sungarule_ui.csproj", "{A9774657-7E60-4ACC-A9CD-4F44BEF2A942}"
	ProjectSection(ProjectDependencies) = postProject
		{56BD4EF9-36F3-45C6-BB59-95D59CEB9B9B} = {56BD4EF9-36F3-45C6-BB59-95D59CEB9B9B}
	EndProjectSection
EndProject
Project("{FAE04EC0-301F-11D3-BF4B-00C04F79EFBC}") = "singarule_lib", "singarule_lib\singarule_lib.csproj", "{735800D8-557E-4EDD-BDCE-9ED2ED3669D3}"
EndProject
Global
	GlobalSection(SolutionConfigurationPlatforms) = preSolution
		Debug|Any CPU = Debug|Any CPU
		Release|Any CPU = Release|Any CPU
	EndGlobalSection
	GlobalSection(ProjectConfigurationPlatforms) = postSolution
		{56BD4EF9-36F3-45C6-BB59-95D59CEB9B9B}.Debug|Any CPU.ActiveCfg = Debug|Any CPU
		{56BD4EF9-36F3-45C6-BB59-95D59CEB9B9B}.Debug|Any CPU.Build.0 = Debug|Any CPU
		{56BD4EF9-36F3-45C6-BB59-95D59CEB9B9B}.Release|Any CPU.ActiveCfg = Release|Any CPU
		{56BD4EF9-36F3-45C6-BB59-95D59CEB9B9B}.Release|Any CPU.Build.0 = Release|Any CPU
		{A9774657-7E60-4ACC-A9CD-4F44BEF2A942}.Debug|Any CPU.ActiveCfg = Debug|Any CPU
		{A9774657-7E60-4ACC-A9CD-4F44BEF2A942}.Debug|Any CPU.Build.0 = Debug|Any CPU
		{A9774657-7E60-4ACC-A9CD-4F44BEF2A942}.Release|Any CPU.ActiveCfg = Release|Any CPU
		{A9774657-7E60-4ACC-A9CD-4F44BEF2A942}.Release|Any CPU.Build.0 = Release|Any CPU
		{735800D8-557E-4EDD-BDCE-9ED2ED3669D3}.Debug|Any CPU.ActiveCfg = Debug|Any CPU
		{735800D8-557E-4EDD-BDCE-9ED2ED3669D3}.Debug|Any CPU.Build.0 = Debug|Any CPU
		{735800D8-557E-4EDD-BDCE-9ED2ED3669D3}.Release|Any CPU.ActiveCfg = Release|Any CPU
		{735800D8-557E-4EDD-BDCE-9ED2ED3669D3}.Release|Any CPU.Build.0 = Release|Any CPU
	EndGlobalSection
	GlobalSection(SolutionProperties) = preSolution
		HideSolutionNode = FALSE
	EndGlobalSection
	GlobalSection(ExtensibilityGlobals) = postSolution
		SolutionGuid = {E898522A-AAFF-4EF3-A8F7-B0DE12052A1F}
	EndGlobalSection
EndGlobal
